// !$*UTF8*$!
{
	archiveVersion = 1;
	classes = {
	};
	objectVersion = 46;
	objects = {

/* Begin PBXBuildFile section */
		51B31BCF13E0BDFF007FFD91 /* Cocoa.framework in Frameworks */ = {isa = PBXBuildFile; fileRef = 51B31BCE13E0BDFF007FFD91 /* Cocoa.framework */; };
		51B31BD913E0BDFF007FFD91 /* InfoPlist.strings in Resources */ = {isa = PBXBuildFile; fileRef = 51B31BD713E0BDFF007FFD91 /* InfoPlist.strings */; };
		51B31BDB13E0BDFF007FFD91 /* main.m in Sources */ = {isa = PBXBuildFile; fileRef = 51B31BDA13E0BDFF007FFD91 /* main.m */; };
		51B31BDF13E0BDFF007FFD91 /* Credits.rtf in Resources */ = {isa = PBXBuildFile; fileRef = 51B31BDD13E0BDFF007FFD91 /* Credits.rtf */; };
		51B31BE213E0BDFF007FFD91 /* TweetyGonzalezAppDelegate.m in Sources */ = {isa = PBXBuildFile; fileRef = 51B31BE113E0BDFF007FFD91 /* TweetyGonzalezAppDelegate.m */; };
		51B31BE513E0BE00007FFD91 /* MainMenu.xib in Resources */ = {isa = PBXBuildFile; fileRef = 51B31BE313E0BE00007FFD91 /* MainMenu.xib */; };
/* End PBXBuildFile section */

/* Begin PBXFileReference section */
		51B31BCA13E0BDFF007FFD91 /* TweetyGonzalez.app */ = {isa = PBXFileReference; explicitFileType = wrapper.application; includeInIndex = 0; path = TweetyGonzalez.app; sourceTree = BUILT_PRODUCTS_DIR; };
		51B31BCE13E0BDFF007FFD91 /* Cocoa.framework */ = {isa = PBXFileReference; lastKnownFileType = wrapper.framework; name = Cocoa.framework; path = System/Library/Frameworks/Cocoa.framework; sourceTree = SDKROOT; };
		51B31BD113E0BDFF007FFD91 /* AppKit.framework */ = {isa = PBXFileReference; lastKnownFileType = wrapper.framework; name = AppKit.framework; path = System/Library/Frameworks/AppKit.framework; sourceTree = SDKROOT; };
		51B31BD213E0BDFF007FFD91 /* CoreData.framework */ = {isa = PBXFileReference; lastKnownFileType = wrapper.framework; name = CoreData.framework; path = System/Library/Frameworks/CoreData.framework; sourceTree = SDKROOT; };
		51B31BD313E0BDFF007FFD91 /* Foundation.framework */ = {isa = PBXFileReference; lastKnownFileType = wrapper.framework; name = Foundation.framework; path = System/Library/Frameworks/Foundation.framework; sourceTree = SDKROOT; };
		51B31BD613E0BDFF007FFD91 /* TweetyGonzalez-Info.plist */ = {isa = PBXFileReference; lastKnownFileType = text.plist.xml; path = "TweetyGonzalez-Info.plist"; sourceTree = "<group>"; };
		51B31BD813E0BDFF007FFD91 /* en */ = {isa = PBXFileReference; lastKnownFileType = text.plist.strings; name = en; path = en.lproj/InfoPlist.strings; sourceTree = "<group>"; };
		51B31BDA13E0BDFF007FFD91 /* main.m */ = {isa = PBXFileReference; lastKnownFileType = sourcecode.c.objc; path = main.m; sourceTree = "<group>"; };
		51B31BDC13E0BDFF007FFD91 /* TweetyGonzalez-Prefix.pch */ = {isa = PBXFileReference; lastKnownFileType = sourcecode.c.h; path = "TweetyGonzalez-Prefix.pch"; sourceTree = "<group>"; };
		51B31BDE13E0BDFF007FFD91 /* en */ = {isa = PBXFileReference; lastKnownFileType = text.rtf; name = en; path = en.lproj/Credits.rtf; sourceTree = "<group>"; };
		51B31BE013E0BDFF007FFD91 /* TweetyGonzalezAppDelegate.h */ = {isa = PBXFileReference; lastKnownFileType = sourcecode.c.h; path = TweetyGonzalezAppDelegate.h; sourceTree = "<group>"; };
		51B31BE113E0BDFF007FFD91 /* TweetyGonzalezAppDelegate.m */ = {isa = PBXFileReference; lastKnownFileType = sourcecode.c.objc; path = TweetyGonzalezAppDelegate.m; sourceTree = "<group>"; };
		51B31BE413E0BE00007FFD91 /* en */ = {isa = PBXFileReference; lastKnownFileType = file.xib; name = en; path = en.lproj/MainMenu.xib; sourceTree = "<group>"; };
/* End PBXFileReference section */

/* Begin PBXFrameworksBuildPhase section */
		51B31BC713E0BDFF007FFD91 /* Frameworks */ = {
			isa = PBXFrameworksBuildPhase;
			buildActionMask = 2147483647;
			files = (
				51B31BCF13E0BDFF007FFD91 /* Cocoa.framework in Frameworks */,
			);
			runOnlyForDeploymentPostprocessing = 0;
		};
/* End PBXFrameworksBuildPhase section */

/* Begin PBXGroup section */
		51B31BBF13E0BDFF007FFD91 = {
			isa = PBXGroup;
			children = (
				51B31BD413E0BDFF007FFD91 /* TweetyGonzalez */,
				51B31BCD13E0BDFF007FFD91 /* Frameworks */,
				51B31BCB13E0BDFF007FFD91 /* Products */,
			);
			sourceTree = "<group>";
		};
		51B31BCB13E0BDFF007FFD91 /* Products */ = {
			isa = PBXGroup;
			children = (
				51B31BCA13E0BDFF007FFD91 /* TweetyGonzalez.app */,
			);
			name = Products;
			sourceTree = "<group>";
		};
		51B31BCD13E0BDFF007FFD91 /* Frameworks */ = {
			isa = PBXGroup;
			children = (
				51B31BCE13E0BDFF007FFD91 /* Cocoa.framework */,
				51B31BD013E0BDFF007FFD91 /* Other Frameworks */,
			);
			name = Frameworks;
			sourceTree = "<group>";
		};
		51B31BD013E0BDFF007FFD91 /* Other Frameworks */ = {
			isa = PBXGroup;
			children = (
				51B31BD113E0BDFF007FFD91 /* AppKit.framework */,
				51B31BD213E0BDFF007FFD91 /* CoreData.framework */,
				51B31BD313E0BDFF007FFD91 /* Foundation.framework */,
			);
			name = "Other Frameworks";
			sourceTree = "<group>";
		};
		51B31BD413E0BDFF007FFD91 /* TweetyGonzalez */ = {
			isa = PBXGroup;
			children = (
				51B31BE013E0BDFF007FFD91 /* TweetyGonzalezAppDelegate.h */,
				51B31BE113E0BDFF007FFD91 /* TweetyGonzalezAppDelegate.m */,
				51B31BE313E0BE00007FFD91 /* MainMenu.xib */,
				51B31BD513E0BDFF007FFD91 /* Supporting Files */,
			);
			path = TweetyGonzalez;
			sourceTree = "<group>";
		};
		51B31BD513E0BDFF007FFD91 /* Supporting Files */ = {
			isa = PBXGroup;
			children = (
				51B31BD613E0BDFF007FFD91 /* TweetyGonzalez-Info.plist */,
				51B31BD713E0BDFF007FFD91 /* InfoPlist.strings */,
				51B31BDA13E0BDFF007FFD91 /* main.m */,
				51B31BDC13E0BDFF007FFD91 /* TweetyGonzalez-Prefix.pch */,
				51B31BDD13E0BDFF007FFD91 /* Credits.rtf */,
			);
			name = "Supporting Files";
			sourceTree = "<group>";
		};
/* End PBXGroup section */

/* Begin PBXNativeTarget section */
		51B31BC913E0BDFF007FFD91 /* TweetyGonzalez */ = {
			isa = PBXNativeTarget;
			buildConfigurationList = 51B31BE813E0BE00007FFD91 /* Build configuration list for PBXNativeTarget "TweetyGonzalez" */;
			buildPhases = (
				51B31BC613E0BDFF007FFD91 /* Sources */,
				51B31BC713E0BDFF007FFD91 /* Frameworks */,
				51B31BC813E0BDFF007FFD91 /* Resources */,
			);
			buildRules = (
			);
			dependencies = (
			);
			name = TweetyGonzalez;
			productName = TweetyGonzalez;
			productReference = 51B31BCA13E0BDFF007FFD91 /* TweetyGonzalez.app */;
			productType = "com.apple.product-type.application";
		};
/* End PBXNativeTarget section */

/* Begin PBXProject section */
		51B31BC113E0BDFF007FFD91 /* Project object */ = {
			isa = PBXProject;
			buildConfigurationList = 51B31BC413E0BDFF007FFD91 /* Build configuration list for PBXProject "TweetyGonzalez" */;
			compatibilityVersion = "Xcode 3.2";
			developmentRegion = English;
			hasScannedForEncodings = 0;
			knownRegions = (
				en,
			);
			mainGroup = 51B31BBF13E0BDFF007FFD91;
			productRefGroup = 51B31BCB13E0BDFF007FFD91 /* Products */;
			projectDirPath = "";
			projectRoot = "";
			targets = (
				51B31BC913E0BDFF007FFD91 /* TweetyGonzalez */,
			);
		};
/* End PBXProject section */

/* Begin PBXResourcesBuildPhase section */
		51B31BC813E0BDFF007FFD91 /* Resources */ = {
			isa = PBXResourcesBuildPhase;
			buildActionMask = 2147483647;
			files = (
				51B31BD913E0BDFF007FFD91 /* InfoPlist.strings in Resources */,
				51B31BDF13E0BDFF007FFD91 /* Credits.rtf in Resources */,
				51B31BE513E0BE00007FFD91 /* MainMenu.xib in Resources */,
			);
			runOnlyForDeploymentPostprocessing = 0;
		};
/* End PBXResourcesBuildPhase section */

/* Begin PBXSourcesBuildPhase section */
		51B31BC613E0BDFF007FFD91 /* Sources */ = {
			isa = PBXSourcesBuildPhase;
			buildActionMask = 2147483647;
			files = (
				51B31BDB13E0BDFF007FFD91 /* main.m in Sources */,
				51B31BE213E0BDFF007FFD91 /* TweetyGonzalezAppDelegate.m in Sources */,
			);
			runOnlyForDeploymentPostprocessing = 0;
		};
/* End PBXSourcesBuildPhase section */

/* Begin PBXVariantGroup section */
		51B31BD713E0BDFF007FFD91 /* InfoPlist.strings */ = {
			isa = PBXVariantGroup;
			children = (
				51B31BD813E0BDFF007FFD91 /* en */,
			);
			name = InfoPlist.strings;
			sourceTree = "<group>";
		};
		51B31BDD13E0BDFF007FFD91 /* Credits.rtf */ = {
			isa = PBXVariantGroup;
			children = (
				51B31BDE13E0BDFF007FFD91 /* en */,
			);
			name = Credits.rtf;
			sourceTree = "<group>";
		};
		51B31BE313E0BE00007FFD91 /* MainMenu.xib */ = {
			isa = PBXVariantGroup;
			children = (
				51B31BE413E0BE00007FFD91 /* en */,
			);
			name = MainMenu.xib;
			sourceTree = "<group>";
		};
/* End PBXVariantGroup section */

/* Begin XCBuildConfiguration section */
		51B31BE613E0BE00007FFD91 /* Debug */ = {
			isa = XCBuildConfiguration;
			buildSettings = {
				ALWAYS_SEARCH_USER_PATHS = NO;
				ARCHS = "$(ARCHS_STANDARD_64_BIT)";
				COPY_PHASE_STRIP = NO;
				GCC_C_LANGUAGE_STANDARD = gnu99;
				GCC_DYNAMIC_NO_PIC = NO;
				GCC_ENABLE_OBJC_EXCEPTIONS = YES;
				GCC_OPTIMIZATION_LEVEL = 0;
				GCC_PREPROCESSOR_DEFINITIONS = (
					"DEBUG=1",
					"$(inherited)",
				);
				GCC_SYMBOLS_PRIVATE_EXTERN = NO;
				GCC_VERSION = com.apple.compilers.llvm.clang.1_0;
				GCC_WARN_64_TO_32_BIT_CONVERSION = YES;
				GCC_WARN_ABOUT_MISSING_PROTOTYPES = YES;
				GCC_WARN_ABOUT_RETURN_TYPE = YES;
				GCC_WARN_UNUSED_VARIABLE = YES;
				MACOSX_DEPLOYMENT_TARGET = 10.7;
				ONLY_ACTIVE_ARCH = YES;
				SDKROOT = macosx;
			};
			name = Debug;
		};
		51B31BE713E0BE00007FFD91 /* Release */ = {
			isa = XCBuildConfiguration;
			buildSettings = {
				ALWAYS_SEARCH_USER_PATHS = NO;
				ARCHS = "$(ARCHS_STANDARD_64_BIT)";
				COPY_PHASE_STRIP = YES;
				DEBUG_INFORMATION_FORMAT = "dwarf-with-dsym";
				GCC_C_LANGUAGE_STANDARD = gnu99;
				GCC_ENABLE_OBJC_EXCEPTIONS = YES;
				GCC_VERSION = com.apple.compilers.llvm.clang.1_0;
				GCC_WARN_64_TO_32_BIT_CONVERSION = YES;
				GCC_WARN_ABOUT_MISSING_PROTOTYPES = YES;
				GCC_WARN_ABOUT_RETURN_TYPE = YES;
				GCC_WARN_UNUSED_VARIABLE = YES;
				MACOSX_DEPLOYMENT_TARGET = 10.7;
				SDKROOT = macosx;
			};
			name = Release;
		};
		51B31BE913E0BE00007FFD91 /* Debug */ = {
			isa = XCBuildConfiguration;
			buildSettings = {
				GCC_PRECOMPILE_PREFIX_HEADER = YES;
				GCC_PREFIX_HEADER = "TweetyGonzalez/TweetyGonzalez-Prefix.pch";
				INFOPLIST_FILE = "TweetyGonzalez/TweetyGonzalez-Info.plist";
				PRODUCT_NAME = "$(TARGET_NAME)";
				WRAPPER_EXTENSION = app;
			};
			name = Debug;
		};
		51B31BEA13E0BE00007FFD91 /* Release */ = {
			isa = XCBuildConfiguration;
			buildSettings = {
				GCC_PRECOMPILE_PREFIX_HEADER = YES;
				GCC_PREFIX_HEADER = "TweetyGonzalez/TweetyGonzalez-Prefix.pch";
				INFOPLIST_FILE = "TweetyGonzalez/TweetyGonzalez-Info.plist";
				PRODUCT_NAME = "$(TARGET_NAME)";
				WRAPPER_EXTENSION = app;
			};
			name = Release;
		};
/* End XCBuildConfiguration section */

/* Begin XCConfigurationList section */
		51B31BC413E0BDFF007FFD91 /* Build configuration list for PBXProject "TweetyGonzalez" */ = {
			isa = XCConfigurationList;
			buildConfigurations = (
				51B31BE613E0BE00007FFD91 /* Debug */,
				51B31BE713E0BE00007FFD91 /* Release */,
			);
			defaultConfigurationIsVisible = 0;
			defaultConfigurationName = Release;
		};
		51B31BE813E0BE00007FFD91 /* Build configuration list for PBXNativeTarget "TweetyGonzalez" */ = {
			isa = XCConfigurationList;
			buildConfigurations = (
				51B31BE913E0BE00007FFD91 /* Debug */,
				51B31BEA13E0BE00007FFD91 /* Release */,
			);
			defaultConfigurationIsVisible = 0;
		};
/* End XCConfigurationList section */
	};
	rootObject = 51B31BC113E0BDFF007FFD91 /* Project object */;
}
